
Microsoft Visual Studio Solution File, Format Version 12.00
# Visual Studio Version 16
VisualStudioVersion = 16.0.29209.62
MinimumVisualStudioVersion = 10.0.40219.1
Project("{FAE04EC0-301F-11D3-BF4B-00C04F79EFBC}") = "TestDll", "TestDll.csproj", "{69010C96-AC69-4472-AC44-43A267F8F157}"
EndProject
Global
	GlobalSection(SolutionConfigurationPlatforms) = preSolution
		Debug|Any CPU = Debug|Any CPU
		Release|Any CPU = Release|Any CPU
	EndGlobalSection
	GlobalSection(ProjectConfigurationPlatforms) = postSolution
		{69010C96-AC69-4472-AC44-43A267F8F157}.Debug|Any CPU.ActiveCfg = Debug|Any CPU
		{69010C96-AC69-4472-AC44-43A267F8F157}.Debug|Any CPU.Build.0 = Debug|Any CPU
		{69010C96-AC69-4472-AC44-43A267F8F157}.Release|Any CPU.ActiveCfg = Release|Any CPU
		{69010C96-AC69-4472-AC44-43A267F8F157}.Release|Any CPU.Build.0 = Release|Any CPU
	EndGlobalSection
	GlobalSection(SolutionProperties) = preSolution
		HideSolutionNode = FALSE
	EndGlobalSection
	GlobalSection(ExtensibilityGlobals) = postSolution
		SolutionGuid = {3663D50E-CD61-48E8-BCFB-53C044A1BC3B}
	EndGlobalSection
EndGlobal
