
Microsoft Visual Studio Solution File, Format Version 12.00
# Visual Studio Version 16
VisualStudioVersion = 16.0.29209.62
MinimumVisualStudioVersion = 10.0.40219.1
Project("{FAE04EC0-301F-11D3-BF4B-00C04F79EFBC}") = "number of digits", "number of digits.csproj", "{A982CF84-5E65-47FB-B205-7E3C203EEF3D}"
EndProject
Global
	GlobalSection(SolutionConfigurationPlatforms) = preSolution
		Debug|Any CPU = Debug|Any CPU
		Release|Any CPU = Release|Any CPU
	EndGlobalSection
	GlobalSection(ProjectConfigurationPlatforms) = postSolution
		{A982CF84-5E65-47FB-B205-7E3C203EEF3D}.Debug|Any CPU.ActiveCfg = Debug|Any CPU
		{A982CF84-5E65-47FB-B205-7E3C203EEF3D}.Debug|Any CPU.Build.0 = Debug|Any CPU
		{A982CF84-5E65-47FB-B205-7E3C203EEF3D}.Release|Any CPU.ActiveCfg = Release|Any CPU
		{A982CF84-5E65-47FB-B205-7E3C203EEF3D}.Release|Any CPU.Build.0 = Release|Any CPU
	EndGlobalSection
	GlobalSection(SolutionProperties) = preSolution
		HideSolutionNode = FALSE
	EndGlobalSection
	GlobalSection(ExtensibilityGlobals) = postSolution
		SolutionGuid = {CFE9E406-B9A7-4C54-92BB-C48657A92562}
	EndGlobalSection
EndGlobal
