
Microsoft Visual Studio Solution File, Format Version 12.00
# Visual Studio Version 17
VisualStudioVersion = 17.3.32929.385
MinimumVisualStudioVersion = 10.0.40219.1
Project("{FAE04EC0-301F-11D3-BF4B-00C04F79EFBC}") = "a and b", "a and b\a and b.csproj", "{55643F4C-BB06-4D76-B770-D0242F00BDEB}"
EndProject
Global
	GlobalSection(SolutionConfigurationPlatforms) = preSolution
		Debug|Any CPU = Debug|Any CPU
		Release|Any CPU = Release|Any CPU
	EndGlobalSection
	GlobalSection(ProjectConfigurationPlatforms) = postSolution
		{55643F4C-BB06-4D76-B770-D0242F00BDEB}.Debug|Any CPU.ActiveCfg = Debug|Any CPU
		{55643F4C-BB06-4D76-B770-D0242F00BDEB}.Debug|Any CPU.Build.0 = Debug|Any CPU
		{55643F4C-BB06-4D76-B770-D0242F00BDEB}.Release|Any CPU.ActiveCfg = Release|Any CPU
		{55643F4C-BB06-4D76-B770-D0242F00BDEB}.Release|Any CPU.Build.0 = Release|Any CPU
	EndGlobalSection
	GlobalSection(SolutionProperties) = preSolution
		HideSolutionNode = FALSE
	EndGlobalSection
	GlobalSection(ExtensibilityGlobals) = postSolution
		SolutionGuid = {65CE9515-B627-437A-A4D2-6369E72821C6}
	EndGlobalSection
EndGlobal
