
Microsoft Visual Studio Solution File, Format Version 12.00
# Visual Studio Version 16
VisualStudioVersion = 16.0.29209.62
MinimumVisualStudioVersion = 10.0.40219.1
Project("{FAE04EC0-301F-11D3-BF4B-00C04F79EFBC}") = "Prime number", "Prime number.csproj", "{D205CF25-F8F9-437C-890A-7DF9B550C5D9}"
EndProject
Global
	GlobalSection(SolutionConfigurationPlatforms) = preSolution
		Debug|Any CPU = Debug|Any CPU
		Release|Any CPU = Release|Any CPU
	EndGlobalSection
	GlobalSection(ProjectConfigurationPlatforms) = postSolution
		{D205CF25-F8F9-437C-890A-7DF9B550C5D9}.Debug|Any CPU.ActiveCfg = Debug|Any CPU
		{D205CF25-F8F9-437C-890A-7DF9B550C5D9}.Debug|Any CPU.Build.0 = Debug|Any CPU
		{D205CF25-F8F9-437C-890A-7DF9B550C5D9}.Release|Any CPU.ActiveCfg = Release|Any CPU
		{D205CF25-F8F9-437C-890A-7DF9B550C5D9}.Release|Any CPU.Build.0 = Release|Any CPU
	EndGlobalSection
	GlobalSection(SolutionProperties) = preSolution
		HideSolutionNode = FALSE
	EndGlobalSection
	GlobalSection(ExtensibilityGlobals) = postSolution
		SolutionGuid = {7B1E4CAF-1F77-45BD-BE96-BE8CFD565C9A}
	EndGlobalSection
EndGlobal
