
Microsoft Visual Studio Solution File, Format Version 12.00
# Visual Studio Version 17
VisualStudioVersion = 17.3.32901.215
MinimumVisualStudioVersion = 10.0.40219.1
Project("{FAE04EC0-301F-11D3-BF4B-00C04F79EFBC}") = "Swimming training", "Swimming training\Swimming training.csproj", "{A91CC2F0-794E-491C-8BD0-0190AF02964B}"
EndProject
Global
	GlobalSection(SolutionConfigurationPlatforms) = preSolution
		Debug|Any CPU = Debug|Any CPU
		Release|Any CPU = Release|Any CPU
	EndGlobalSection
	GlobalSection(ProjectConfigurationPlatforms) = postSolution
		{A91CC2F0-794E-491C-8BD0-0190AF02964B}.Debug|Any CPU.ActiveCfg = Debug|Any CPU
		{A91CC2F0-794E-491C-8BD0-0190AF02964B}.Debug|Any CPU.Build.0 = Debug|Any CPU
		{A91CC2F0-794E-491C-8BD0-0190AF02964B}.Release|Any CPU.ActiveCfg = Release|Any CPU
		{A91CC2F0-794E-491C-8BD0-0190AF02964B}.Release|Any CPU.Build.0 = Release|Any CPU
	EndGlobalSection
	GlobalSection(SolutionProperties) = preSolution
		HideSolutionNode = FALSE
	EndGlobalSection
	GlobalSection(ExtensibilityGlobals) = postSolution
		SolutionGuid = {A1DFE34E-23F8-4E7C-A357-8AAA6EC5310A}
	EndGlobalSection
EndGlobal
