
Microsoft Visual Studio Solution File, Format Version 12.00
# Visual Studio Version 16
VisualStudioVersion = 16.0.29209.62
MinimumVisualStudioVersion = 10.0.40219.1
Project("{FAE04EC0-301F-11D3-BF4B-00C04F79EFBC}") = "Car Lot", "Car Lot.csproj", "{D80E10AD-03AC-49AF-887A-043EDB5A2909}"
EndProject
Global
	GlobalSection(SolutionConfigurationPlatforms) = preSolution
		Debug|Any CPU = Debug|Any CPU
		Release|Any CPU = Release|Any CPU
	EndGlobalSection
	GlobalSection(ProjectConfigurationPlatforms) = postSolution
		{D80E10AD-03AC-49AF-887A-043EDB5A2909}.Debug|Any CPU.ActiveCfg = Debug|Any CPU
		{D80E10AD-03AC-49AF-887A-043EDB5A2909}.Debug|Any CPU.Build.0 = Debug|Any CPU
		{D80E10AD-03AC-49AF-887A-043EDB5A2909}.Release|Any CPU.ActiveCfg = Release|Any CPU
		{D80E10AD-03AC-49AF-887A-043EDB5A2909}.Release|Any CPU.Build.0 = Release|Any CPU
	EndGlobalSection
	GlobalSection(SolutionProperties) = preSolution
		HideSolutionNode = FALSE
	EndGlobalSection
	GlobalSection(ExtensibilityGlobals) = postSolution
		SolutionGuid = {BB7C45E2-4B21-4155-9726-7A2E5D5CCD9A}
	EndGlobalSection
EndGlobal
