
Microsoft Visual Studio Solution File, Format Version 12.00
# Visual Studio Version 17
VisualStudioVersion = 17.3.32901.215
MinimumVisualStudioVersion = 10.0.40219.1
Project("{FAE04EC0-301F-11D3-BF4B-00C04F79EFBC}") = "valuables restaurant exersice", "valuables restaurant exersice\valuables restaurant exersice.csproj", "{7D1218B6-4B16-489D-BB0E-9043E119F66E}"
EndProject
Global
	GlobalSection(SolutionConfigurationPlatforms) = preSolution
		Debug|Any CPU = Debug|Any CPU
		Release|Any CPU = Release|Any CPU
	EndGlobalSection
	GlobalSection(ProjectConfigurationPlatforms) = postSolution
		{7D1218B6-4B16-489D-BB0E-9043E119F66E}.Debug|Any CPU.ActiveCfg = Debug|Any CPU
		{7D1218B6-4B16-489D-BB0E-9043E119F66E}.Debug|Any CPU.Build.0 = Debug|Any CPU
		{7D1218B6-4B16-489D-BB0E-9043E119F66E}.Release|Any CPU.ActiveCfg = Release|Any CPU
		{7D1218B6-4B16-489D-BB0E-9043E119F66E}.Release|Any CPU.Build.0 = Release|Any CPU
	EndGlobalSection
	GlobalSection(SolutionProperties) = preSolution
		HideSolutionNode = FALSE
	EndGlobalSection
	GlobalSection(ExtensibilityGlobals) = postSolution
		SolutionGuid = {F0F99DBF-EDAA-4235-ABCF-3E6932BAA9A6}
	EndGlobalSection
EndGlobal
