
Microsoft Visual Studio Solution File, Format Version 12.00
# Visual Studio Version 17
VisualStudioVersion = 17.3.32929.385
MinimumVisualStudioVersion = 10.0.40219.1
Project("{FAE04EC0-301F-11D3-BF4B-00C04F79EFBC}") = "Programs handed in", "Programs handed in\Programs handed in.csproj", "{E411FBB3-3E29-4E01-AC7A-E9A146B23872}"
EndProject
Global
	GlobalSection(SolutionConfigurationPlatforms) = preSolution
		Debug|Any CPU = Debug|Any CPU
		Release|Any CPU = Release|Any CPU
	EndGlobalSection
	GlobalSection(ProjectConfigurationPlatforms) = postSolution
		{E411FBB3-3E29-4E01-AC7A-E9A146B23872}.Debug|Any CPU.ActiveCfg = Debug|Any CPU
		{E411FBB3-3E29-4E01-AC7A-E9A146B23872}.Debug|Any CPU.Build.0 = Debug|Any CPU
		{E411FBB3-3E29-4E01-AC7A-E9A146B23872}.Release|Any CPU.ActiveCfg = Release|Any CPU
		{E411FBB3-3E29-4E01-AC7A-E9A146B23872}.Release|Any CPU.Build.0 = Release|Any CPU
	EndGlobalSection
	GlobalSection(SolutionProperties) = preSolution
		HideSolutionNode = FALSE
	EndGlobalSection
	GlobalSection(ExtensibilityGlobals) = postSolution
		SolutionGuid = {10025CB8-4228-4F24-9432-2E4D3384FFCE}
	EndGlobalSection
EndGlobal
