
Microsoft Visual Studio Solution File, Format Version 12.00
# Visual Studio Version 17
VisualStudioVersion = 17.3.32929.385
MinimumVisualStudioVersion = 10.0.40219.1
Project("{FAE04EC0-301F-11D3-BF4B-00C04F79EFBC}") = "Rectangle painter", "Rectangle painter\Rectangle painter.csproj", "{0855E617-61B0-4B1C-B6F5-55FF0E8686D6}"
EndProject
Global
	GlobalSection(SolutionConfigurationPlatforms) = preSolution
		Debug|Any CPU = Debug|Any CPU
		Release|Any CPU = Release|Any CPU
	EndGlobalSection
	GlobalSection(ProjectConfigurationPlatforms) = postSolution
		{0855E617-61B0-4B1C-B6F5-55FF0E8686D6}.Debug|Any CPU.ActiveCfg = Debug|Any CPU
		{0855E617-61B0-4B1C-B6F5-55FF0E8686D6}.Debug|Any CPU.Build.0 = Debug|Any CPU
		{0855E617-61B0-4B1C-B6F5-55FF0E8686D6}.Release|Any CPU.ActiveCfg = Release|Any CPU
		{0855E617-61B0-4B1C-B6F5-55FF0E8686D6}.Release|Any CPU.Build.0 = Release|Any CPU
	EndGlobalSection
	GlobalSection(SolutionProperties) = preSolution
		HideSolutionNode = FALSE
	EndGlobalSection
	GlobalSection(ExtensibilityGlobals) = postSolution
		SolutionGuid = {90CF8F71-F0D7-472A-B7B9-D66D815F92F0}
	EndGlobalSection
EndGlobal
