
Microsoft Visual Studio Solution File, Format Version 12.00
# Visual Studio Version 17
VisualStudioVersion = 17.3.32929.385
MinimumVisualStudioVersion = 10.0.40219.1
Project("{FAE04EC0-301F-11D3-BF4B-00C04F79EFBC}") = "level 8", "level 8\level 8.csproj", "{BAFBF6A4-7DD6-41E9-ADE6-7C6BA64AC1AD}"
EndProject
Global
	GlobalSection(SolutionConfigurationPlatforms) = preSolution
		Debug|Any CPU = Debug|Any CPU
		Release|Any CPU = Release|Any CPU
	EndGlobalSection
	GlobalSection(ProjectConfigurationPlatforms) = postSolution
		{BAFBF6A4-7DD6-41E9-ADE6-7C6BA64AC1AD}.Debug|Any CPU.ActiveCfg = Debug|Any CPU
		{BAFBF6A4-7DD6-41E9-ADE6-7C6BA64AC1AD}.Debug|Any CPU.Build.0 = Debug|Any CPU
		{BAFBF6A4-7DD6-41E9-ADE6-7C6BA64AC1AD}.Release|Any CPU.ActiveCfg = Release|Any CPU
		{BAFBF6A4-7DD6-41E9-ADE6-7C6BA64AC1AD}.Release|Any CPU.Build.0 = Release|Any CPU
	EndGlobalSection
	GlobalSection(SolutionProperties) = preSolution
		HideSolutionNode = FALSE
	EndGlobalSection
	GlobalSection(ExtensibilityGlobals) = postSolution
		SolutionGuid = {43CDD519-367C-4E33-9292-1337C511F333}
	EndGlobalSection
EndGlobal
