
Microsoft Visual Studio Solution File, Format Version 12.00
# Visual Studio Version 17
VisualStudioVersion = 17.3.32901.215
MinimumVisualStudioVersion = 10.0.40219.1
Project("{FAE04EC0-301F-11D3-BF4B-00C04F79EFBC}") = "Perfumes_Nodes", "Perfumes_Nodes\Perfumes_Nodes.csproj", "{091D09E6-EE1D-45F7-A3FE-D9B59779C0BC}"
EndProject
Global
	GlobalSection(SolutionConfigurationPlatforms) = preSolution
		Debug|Any CPU = Debug|Any CPU
		Release|Any CPU = Release|Any CPU
	EndGlobalSection
	GlobalSection(ProjectConfigurationPlatforms) = postSolution
		{091D09E6-EE1D-45F7-A3FE-D9B59779C0BC}.Debug|Any CPU.ActiveCfg = Debug|Any CPU
		{091D09E6-EE1D-45F7-A3FE-D9B59779C0BC}.Debug|Any CPU.Build.0 = Debug|Any CPU
		{091D09E6-EE1D-45F7-A3FE-D9B59779C0BC}.Release|Any CPU.ActiveCfg = Release|Any CPU
		{091D09E6-EE1D-45F7-A3FE-D9B59779C0BC}.Release|Any CPU.Build.0 = Release|Any CPU
	EndGlobalSection
	GlobalSection(SolutionProperties) = preSolution
		HideSolutionNode = FALSE
	EndGlobalSection
	GlobalSection(ExtensibilityGlobals) = postSolution
		SolutionGuid = {DE858ACC-C950-4B8A-A85F-A02078EA207A}
	EndGlobalSection
EndGlobal
