
Microsoft Visual Studio Solution File, Format Version 12.00
# Visual Studio Version 17
VisualStudioVersion = 17.3.32901.215
MinimumVisualStudioVersion = 10.0.40219.1
Project("{FAE04EC0-301F-11D3-BF4B-00C04F79EFBC}") = "valuables video games exercise", "valuables video games exercise\valuables video games exercise.csproj", "{7AC309DE-5B0B-46B8-8C77-57C74FBEEF89}"
EndProject
Global
	GlobalSection(SolutionConfigurationPlatforms) = preSolution
		Debug|Any CPU = Debug|Any CPU
		Release|Any CPU = Release|Any CPU
	EndGlobalSection
	GlobalSection(ProjectConfigurationPlatforms) = postSolution
		{7AC309DE-5B0B-46B8-8C77-57C74FBEEF89}.Debug|Any CPU.ActiveCfg = Debug|Any CPU
		{7AC309DE-5B0B-46B8-8C77-57C74FBEEF89}.Debug|Any CPU.Build.0 = Debug|Any CPU
		{7AC309DE-5B0B-46B8-8C77-57C74FBEEF89}.Release|Any CPU.ActiveCfg = Release|Any CPU
		{7AC309DE-5B0B-46B8-8C77-57C74FBEEF89}.Release|Any CPU.Build.0 = Release|Any CPU
	EndGlobalSection
	GlobalSection(SolutionProperties) = preSolution
		HideSolutionNode = FALSE
	EndGlobalSection
	GlobalSection(ExtensibilityGlobals) = postSolution
		SolutionGuid = {FAA52081-80FB-45FE-A9C1-5A91AFDD3E06}
	EndGlobalSection
EndGlobal
