
Microsoft Visual Studio Solution File, Format Version 12.00
# Visual Studio Version 17
VisualStudioVersion = 17.3.32929.385
MinimumVisualStudioVersion = 10.0.40219.1
Project("{FAE04EC0-301F-11D3-BF4B-00C04F79EFBC}") = "triple number", "triple number\triple number.csproj", "{435702F6-E00D-4CF9-978C-07F09E39E72B}"
EndProject
Global
	GlobalSection(SolutionConfigurationPlatforms) = preSolution
		Debug|Any CPU = Debug|Any CPU
		Release|Any CPU = Release|Any CPU
	EndGlobalSection
	GlobalSection(ProjectConfigurationPlatforms) = postSolution
		{435702F6-E00D-4CF9-978C-07F09E39E72B}.Debug|Any CPU.ActiveCfg = Debug|Any CPU
		{435702F6-E00D-4CF9-978C-07F09E39E72B}.Debug|Any CPU.Build.0 = Debug|Any CPU
		{435702F6-E00D-4CF9-978C-07F09E39E72B}.Release|Any CPU.ActiveCfg = Release|Any CPU
		{435702F6-E00D-4CF9-978C-07F09E39E72B}.Release|Any CPU.Build.0 = Release|Any CPU
	EndGlobalSection
	GlobalSection(SolutionProperties) = preSolution
		HideSolutionNode = FALSE
	EndGlobalSection
	GlobalSection(ExtensibilityGlobals) = postSolution
		SolutionGuid = {76241912-60A2-4082-9C78-BEC5A6D3A9FE}
	EndGlobalSection
EndGlobal
