
Microsoft Visual Studio Solution File, Format Version 12.00
# Visual Studio Version 16
VisualStudioVersion = 16.0.29609.76
MinimumVisualStudioVersion = 10.0.40219.1
Project("{FAE04EC0-301F-11D3-BF4B-00C04F79EFBC}") = "Magic Square", "Magic Square\Magic Square.csproj", "{A6E382F7-C52E-40EC-BF12-36BD1B81D2D9}"
EndProject
Global
	GlobalSection(SolutionConfigurationPlatforms) = preSolution
		Debug|Any CPU = Debug|Any CPU
		Release|Any CPU = Release|Any CPU
	EndGlobalSection
	GlobalSection(ProjectConfigurationPlatforms) = postSolution
		{A6E382F7-C52E-40EC-BF12-36BD1B81D2D9}.Debug|Any CPU.ActiveCfg = Debug|Any CPU
		{A6E382F7-C52E-40EC-BF12-36BD1B81D2D9}.Debug|Any CPU.Build.0 = Debug|Any CPU
		{A6E382F7-C52E-40EC-BF12-36BD1B81D2D9}.Release|Any CPU.ActiveCfg = Release|Any CPU
		{A6E382F7-C52E-40EC-BF12-36BD1B81D2D9}.Release|Any CPU.Build.0 = Release|Any CPU
	EndGlobalSection
	GlobalSection(SolutionProperties) = preSolution
		HideSolutionNode = FALSE
	EndGlobalSection
	GlobalSection(ExtensibilityGlobals) = postSolution
		SolutionGuid = {450BF95C-D004-474E-B565-EAF346D5BF7B}
	EndGlobalSection
EndGlobal
