
Microsoft Visual Studio Solution File, Format Version 12.00
# Visual Studio Version 17
VisualStudioVersion = 17.3.32901.215
MinimumVisualStudioVersion = 10.0.40219.1
Project("{FAE04EC0-301F-11D3-BF4B-00C04F79EFBC}") = "Zariz", "Zariz\Zariz.csproj", "{CFE13281-1C05-4884-8505-EF7F9DBDF13D}"
EndProject
Global
	GlobalSection(SolutionConfigurationPlatforms) = preSolution
		Debug|Any CPU = Debug|Any CPU
		Release|Any CPU = Release|Any CPU
	EndGlobalSection
	GlobalSection(ProjectConfigurationPlatforms) = postSolution
		{CFE13281-1C05-4884-8505-EF7F9DBDF13D}.Debug|Any CPU.ActiveCfg = Debug|Any CPU
		{CFE13281-1C05-4884-8505-EF7F9DBDF13D}.Debug|Any CPU.Build.0 = Debug|Any CPU
		{CFE13281-1C05-4884-8505-EF7F9DBDF13D}.Release|Any CPU.ActiveCfg = Release|Any CPU
		{CFE13281-1C05-4884-8505-EF7F9DBDF13D}.Release|Any CPU.Build.0 = Release|Any CPU
	EndGlobalSection
	GlobalSection(SolutionProperties) = preSolution
		HideSolutionNode = FALSE
	EndGlobalSection
	GlobalSection(ExtensibilityGlobals) = postSolution
		SolutionGuid = {C5E9B1F0-EF21-4BF5-A09C-7B1594B833A7}
	EndGlobalSection
EndGlobal
