
Microsoft Visual Studio Solution File, Format Version 12.00
# Visual Studio Version 17
VisualStudioVersion = 17.3.32929.385
MinimumVisualStudioVersion = 10.0.40219.1
Project("{FAE04EC0-301F-11D3-BF4B-00C04F79EFBC}") = "How many negative and positive", "How many negative and positive\How many negative and positive.csproj", "{88CC588E-B8AF-4CF5-B643-E0EC274DF8D6}"
EndProject
Global
	GlobalSection(SolutionConfigurationPlatforms) = preSolution
		Debug|Any CPU = Debug|Any CPU
		Release|Any CPU = Release|Any CPU
	EndGlobalSection
	GlobalSection(ProjectConfigurationPlatforms) = postSolution
		{88CC588E-B8AF-4CF5-B643-E0EC274DF8D6}.Debug|Any CPU.ActiveCfg = Debug|Any CPU
		{88CC588E-B8AF-4CF5-B643-E0EC274DF8D6}.Debug|Any CPU.Build.0 = Debug|Any CPU
		{88CC588E-B8AF-4CF5-B643-E0EC274DF8D6}.Release|Any CPU.ActiveCfg = Release|Any CPU
		{88CC588E-B8AF-4CF5-B643-E0EC274DF8D6}.Release|Any CPU.Build.0 = Release|Any CPU
	EndGlobalSection
	GlobalSection(SolutionProperties) = preSolution
		HideSolutionNode = FALSE
	EndGlobalSection
	GlobalSection(ExtensibilityGlobals) = postSolution
		SolutionGuid = {DD78E9DD-B01E-40B6-9615-A882FB614B90}
	EndGlobalSection
EndGlobal
