
Microsoft Visual Studio Solution File, Format Version 12.00
# Visual Studio Version 17
VisualStudioVersion = 17.3.32901.215
MinimumVisualStudioVersion = 10.0.40219.1
Project("{FAE04EC0-301F-11D3-BF4B-00C04F79EFBC}") = "valuables input", "valuables input\valuables input.csproj", "{210C3700-5934-4572-A0C5-BE28C55F79DA}"
EndProject
Global
	GlobalSection(SolutionConfigurationPlatforms) = preSolution
		Debug|Any CPU = Debug|Any CPU
		Release|Any CPU = Release|Any CPU
	EndGlobalSection
	GlobalSection(ProjectConfigurationPlatforms) = postSolution
		{210C3700-5934-4572-A0C5-BE28C55F79DA}.Debug|Any CPU.ActiveCfg = Debug|Any CPU
		{210C3700-5934-4572-A0C5-BE28C55F79DA}.Debug|Any CPU.Build.0 = Debug|Any CPU
		{210C3700-5934-4572-A0C5-BE28C55F79DA}.Release|Any CPU.ActiveCfg = Release|Any CPU
		{210C3700-5934-4572-A0C5-BE28C55F79DA}.Release|Any CPU.Build.0 = Release|Any CPU
	EndGlobalSection
	GlobalSection(SolutionProperties) = preSolution
		HideSolutionNode = FALSE
	EndGlobalSection
	GlobalSection(ExtensibilityGlobals) = postSolution
		SolutionGuid = {A4A2A481-44E4-4B9D-B80A-FDDC5D10716D}
	EndGlobalSection
EndGlobal
