
Microsoft Visual Studio Solution File, Format Version 12.00
# Visual Studio Version 16
VisualStudioVersion = 16.0.29609.76
MinimumVisualStudioVersion = 10.0.40219.1
Project("{FAE04EC0-301F-11D3-BF4B-00C04F79EFBC}") = "BulPgia", "BulPgia\BulPgia.csproj", "{D5C1568F-8CF9-44F9-B5B4-552A2233E550}"
EndProject
Global
	GlobalSection(SolutionConfigurationPlatforms) = preSolution
		Debug|Any CPU = Debug|Any CPU
		Release|Any CPU = Release|Any CPU
	EndGlobalSection
	GlobalSection(ProjectConfigurationPlatforms) = postSolution
		{D5C1568F-8CF9-44F9-B5B4-552A2233E550}.Debug|Any CPU.ActiveCfg = Debug|Any CPU
		{D5C1568F-8CF9-44F9-B5B4-552A2233E550}.Debug|Any CPU.Build.0 = Debug|Any CPU
		{D5C1568F-8CF9-44F9-B5B4-552A2233E550}.Release|Any CPU.ActiveCfg = Release|Any CPU
		{D5C1568F-8CF9-44F9-B5B4-552A2233E550}.Release|Any CPU.Build.0 = Release|Any CPU
	EndGlobalSection
	GlobalSection(SolutionProperties) = preSolution
		HideSolutionNode = FALSE
	EndGlobalSection
	GlobalSection(ExtensibilityGlobals) = postSolution
		SolutionGuid = {42D1A30A-6E1A-4D9F-BC34-A26DD5E88F69}
	EndGlobalSection
EndGlobal
