
Microsoft Visual Studio Solution File, Format Version 12.00
# Visual Studio Version 17
VisualStudioVersion = 17.3.32901.215
MinimumVisualStudioVersion = 10.0.40219.1
Project("{FAE04EC0-301F-11D3-BF4B-00C04F79EFBC}") = "Pizza Deliver", "Pizza Deliver\Pizza Deliver.csproj", "{765E94B6-A7CB-4CEE-B630-78AA52F18E27}"
EndProject
Global
	GlobalSection(SolutionConfigurationPlatforms) = preSolution
		Debug|Any CPU = Debug|Any CPU
		Release|Any CPU = Release|Any CPU
	EndGlobalSection
	GlobalSection(ProjectConfigurationPlatforms) = postSolution
		{765E94B6-A7CB-4CEE-B630-78AA52F18E27}.Debug|Any CPU.ActiveCfg = Debug|Any CPU
		{765E94B6-A7CB-4CEE-B630-78AA52F18E27}.Debug|Any CPU.Build.0 = Debug|Any CPU
		{765E94B6-A7CB-4CEE-B630-78AA52F18E27}.Release|Any CPU.ActiveCfg = Release|Any CPU
		{765E94B6-A7CB-4CEE-B630-78AA52F18E27}.Release|Any CPU.Build.0 = Release|Any CPU
	EndGlobalSection
	GlobalSection(SolutionProperties) = preSolution
		HideSolutionNode = FALSE
	EndGlobalSection
	GlobalSection(ExtensibilityGlobals) = postSolution
		SolutionGuid = {C3C22977-FA70-4C8F-B13D-0429E1670F65}
	EndGlobalSection
EndGlobal
