
Microsoft Visual Studio Solution File, Format Version 12.00
# Visual Studio Version 17
VisualStudioVersion = 17.3.32901.215
MinimumVisualStudioVersion = 10.0.40219.1
Project("{FAE04EC0-301F-11D3-BF4B-00C04F79EFBC}") = "MTP", "MTP\MTP.csproj", "{17DA0840-2BB5-459D-A080-C7BD716BBE8B}"
EndProject
Global
	GlobalSection(SolutionConfigurationPlatforms) = preSolution
		Debug|Any CPU = Debug|Any CPU
		Release|Any CPU = Release|Any CPU
	EndGlobalSection
	GlobalSection(ProjectConfigurationPlatforms) = postSolution
		{17DA0840-2BB5-459D-A080-C7BD716BBE8B}.Debug|Any CPU.ActiveCfg = Debug|Any CPU
		{17DA0840-2BB5-459D-A080-C7BD716BBE8B}.Debug|Any CPU.Build.0 = Debug|Any CPU
		{17DA0840-2BB5-459D-A080-C7BD716BBE8B}.Release|Any CPU.ActiveCfg = Release|Any CPU
		{17DA0840-2BB5-459D-A080-C7BD716BBE8B}.Release|Any CPU.Build.0 = Release|Any CPU
	EndGlobalSection
	GlobalSection(SolutionProperties) = preSolution
		HideSolutionNode = FALSE
	EndGlobalSection
	GlobalSection(ExtensibilityGlobals) = postSolution
		SolutionGuid = {09B9B28E-A803-4EC9-AB08-AF39E6BF7E35}
	EndGlobalSection
EndGlobal
