
Microsoft Visual Studio Solution File, Format Version 12.00
# Visual Studio Version 16
VisualStudioVersion = 16.0.29209.62
MinimumVisualStudioVersion = 10.0.40219.1
Project("{FAE04EC0-301F-11D3-BF4B-00C04F79EFBC}") = "Automats", "Automats.csproj", "{9CE8D322-E664-4DA3-A456-9651A2C2979A}"
EndProject
Global
	GlobalSection(SolutionConfigurationPlatforms) = preSolution
		Debug|Any CPU = Debug|Any CPU
		Release|Any CPU = Release|Any CPU
	EndGlobalSection
	GlobalSection(ProjectConfigurationPlatforms) = postSolution
		{9CE8D322-E664-4DA3-A456-9651A2C2979A}.Debug|Any CPU.ActiveCfg = Debug|Any CPU
		{9CE8D322-E664-4DA3-A456-9651A2C2979A}.Debug|Any CPU.Build.0 = Debug|Any CPU
		{9CE8D322-E664-4DA3-A456-9651A2C2979A}.Release|Any CPU.ActiveCfg = Release|Any CPU
		{9CE8D322-E664-4DA3-A456-9651A2C2979A}.Release|Any CPU.Build.0 = Release|Any CPU
	EndGlobalSection
	GlobalSection(SolutionProperties) = preSolution
		HideSolutionNode = FALSE
	EndGlobalSection
	GlobalSection(ExtensibilityGlobals) = postSolution
		SolutionGuid = {06D5822F-B420-47B7-B468-EB21501D6B8B}
	EndGlobalSection
EndGlobal
