
Microsoft Visual Studio Solution File, Format Version 12.00
# Visual Studio Version 17
VisualStudioVersion = 17.3.32929.385
MinimumVisualStudioVersion = 10.0.40219.1
Project("{FAE04EC0-301F-11D3-BF4B-00C04F79EFBC}") = "ArraysEx1", "ArraysEx1\ArraysEx1.csproj", "{FA56552F-2833-4D68-9FF4-FACDA4CB4365}"
EndProject
Global
	GlobalSection(SolutionConfigurationPlatforms) = preSolution
		Debug|Any CPU = Debug|Any CPU
		Release|Any CPU = Release|Any CPU
	EndGlobalSection
	GlobalSection(ProjectConfigurationPlatforms) = postSolution
		{FA56552F-2833-4D68-9FF4-FACDA4CB4365}.Debug|Any CPU.ActiveCfg = Debug|Any CPU
		{FA56552F-2833-4D68-9FF4-FACDA4CB4365}.Debug|Any CPU.Build.0 = Debug|Any CPU
		{FA56552F-2833-4D68-9FF4-FACDA4CB4365}.Release|Any CPU.ActiveCfg = Release|Any CPU
		{FA56552F-2833-4D68-9FF4-FACDA4CB4365}.Release|Any CPU.Build.0 = Release|Any CPU
	EndGlobalSection
	GlobalSection(SolutionProperties) = preSolution
		HideSolutionNode = FALSE
	EndGlobalSection
	GlobalSection(ExtensibilityGlobals) = postSolution
		SolutionGuid = {4A47E5AF-5CFD-4A35-8CAB-AD290A4BACCA}
	EndGlobalSection
EndGlobal
