
Microsoft Visual Studio Solution File, Format Version 12.00
# Visual Studio Version 17
VisualStudioVersion = 17.3.32929.385
MinimumVisualStudioVersion = 10.0.40219.1
Project("{FAE04EC0-301F-11D3-BF4B-00C04F79EFBC}") = "movies questionnaire", "movies questionnaire\movies questionnaire.csproj", "{FD4EEC57-16B1-47B1-AD9E-5A3B6927738B}"
EndProject
Global
	GlobalSection(SolutionConfigurationPlatforms) = preSolution
		Debug|Any CPU = Debug|Any CPU
		Release|Any CPU = Release|Any CPU
	EndGlobalSection
	GlobalSection(ProjectConfigurationPlatforms) = postSolution
		{FD4EEC57-16B1-47B1-AD9E-5A3B6927738B}.Debug|Any CPU.ActiveCfg = Debug|Any CPU
		{FD4EEC57-16B1-47B1-AD9E-5A3B6927738B}.Debug|Any CPU.Build.0 = Debug|Any CPU
		{FD4EEC57-16B1-47B1-AD9E-5A3B6927738B}.Release|Any CPU.ActiveCfg = Release|Any CPU
		{FD4EEC57-16B1-47B1-AD9E-5A3B6927738B}.Release|Any CPU.Build.0 = Release|Any CPU
	EndGlobalSection
	GlobalSection(SolutionProperties) = preSolution
		HideSolutionNode = FALSE
	EndGlobalSection
	GlobalSection(ExtensibilityGlobals) = postSolution
		SolutionGuid = {B7D751B5-75F1-46F0-935F-55C59D843C7E}
	EndGlobalSection
EndGlobal
