
Microsoft Visual Studio Solution File, Format Version 12.00
# Visual Studio 15
VisualStudioVersion = 15.0.27703.2047
MinimumVisualStudioVersion = 10.0.40219.1
Project("{FAE04EC0-301F-11D3-BF4B-00C04F79EFBC}") = "AIRow", "AIRow\AIRow.csproj", "{94B52E37-CEAB-474C-A27E-3B80AC3FD79C}"
EndProject
Global
	GlobalSection(SolutionConfigurationPlatforms) = preSolution
		Debug|Any CPU = Debug|Any CPU
		Release|Any CPU = Release|Any CPU
	EndGlobalSection
	GlobalSection(ProjectConfigurationPlatforms) = postSolution
		{94B52E37-CEAB-474C-A27E-3B80AC3FD79C}.Debug|Any CPU.ActiveCfg = Debug|Any CPU
		{94B52E37-CEAB-474C-A27E-3B80AC3FD79C}.Debug|Any CPU.Build.0 = Debug|Any CPU
		{94B52E37-CEAB-474C-A27E-3B80AC3FD79C}.Release|Any CPU.ActiveCfg = Release|Any CPU
		{94B52E37-CEAB-474C-A27E-3B80AC3FD79C}.Release|Any CPU.Build.0 = Release|Any CPU
	EndGlobalSection
	GlobalSection(SolutionProperties) = preSolution
		HideSolutionNode = FALSE
	EndGlobalSection
	GlobalSection(ExtensibilityGlobals) = postSolution
		SolutionGuid = {5D1287AD-25FB-4F4B-9BFB-E7A2366505E2}
	EndGlobalSection
EndGlobal
