
Microsoft Visual Studio Solution File, Format Version 12.00
# Visual Studio Version 17
VisualStudioVersion = 17.3.32901.215
MinimumVisualStudioVersion = 10.0.40219.1
Project("{FAE04EC0-301F-11D3-BF4B-00C04F79EFBC}") = "three-digit number", "three-digit number\three-digit number.csproj", "{B28AE8E7-5BAE-405E-B834-73F40CB2D40D}"
EndProject
Global
	GlobalSection(SolutionConfigurationPlatforms) = preSolution
		Debug|Any CPU = Debug|Any CPU
		Release|Any CPU = Release|Any CPU
	EndGlobalSection
	GlobalSection(ProjectConfigurationPlatforms) = postSolution
		{B28AE8E7-5BAE-405E-B834-73F40CB2D40D}.Debug|Any CPU.ActiveCfg = Debug|Any CPU
		{B28AE8E7-5BAE-405E-B834-73F40CB2D40D}.Debug|Any CPU.Build.0 = Debug|Any CPU
		{B28AE8E7-5BAE-405E-B834-73F40CB2D40D}.Release|Any CPU.ActiveCfg = Release|Any CPU
		{B28AE8E7-5BAE-405E-B834-73F40CB2D40D}.Release|Any CPU.Build.0 = Release|Any CPU
	EndGlobalSection
	GlobalSection(SolutionProperties) = preSolution
		HideSolutionNode = FALSE
	EndGlobalSection
	GlobalSection(ExtensibilityGlobals) = postSolution
		SolutionGuid = {B35492D6-337E-46C5-BF42-91308B8AB5B1}
	EndGlobalSection
EndGlobal
