
Microsoft Visual Studio Solution File, Format Version 12.00
# Visual Studio Version 16
VisualStudioVersion = 16.0.29209.62
MinimumVisualStudioVersion = 10.0.40219.1
Project("{FAE04EC0-301F-11D3-BF4B-00C04F79EFBC}") = "guess a number (1-10)", "guess a number (1-10).csproj", "{BDD41AC0-71F2-48FC-B912-BFC1385770F0}"
EndProject
Global
	GlobalSection(SolutionConfigurationPlatforms) = preSolution
		Debug|Any CPU = Debug|Any CPU
		Release|Any CPU = Release|Any CPU
	EndGlobalSection
	GlobalSection(ProjectConfigurationPlatforms) = postSolution
		{BDD41AC0-71F2-48FC-B912-BFC1385770F0}.Debug|Any CPU.ActiveCfg = Debug|Any CPU
		{BDD41AC0-71F2-48FC-B912-BFC1385770F0}.Debug|Any CPU.Build.0 = Debug|Any CPU
		{BDD41AC0-71F2-48FC-B912-BFC1385770F0}.Release|Any CPU.ActiveCfg = Release|Any CPU
		{BDD41AC0-71F2-48FC-B912-BFC1385770F0}.Release|Any CPU.Build.0 = Release|Any CPU
	EndGlobalSection
	GlobalSection(SolutionProperties) = preSolution
		HideSolutionNode = FALSE
	EndGlobalSection
	GlobalSection(ExtensibilityGlobals) = postSolution
		SolutionGuid = {3C9CAEFD-6B96-4C34-8EF6-0B6B117DB88D}
	EndGlobalSection
EndGlobal
