
Microsoft Visual Studio Solution File, Format Version 12.00
# Visual Studio Version 16
VisualStudioVersion = 16.0.29209.62
MinimumVisualStudioVersion = 10.0.40219.1
Project("{FAE04EC0-301F-11D3-BF4B-00C04F79EFBC}") = "ETGAR2", "ETGAR2.csproj", "{549CCBD7-10F3-4AFA-91D7-41BD895194AA}"
EndProject
Global
	GlobalSection(SolutionConfigurationPlatforms) = preSolution
		Debug|Any CPU = Debug|Any CPU
		Release|Any CPU = Release|Any CPU
	EndGlobalSection
	GlobalSection(ProjectConfigurationPlatforms) = postSolution
		{549CCBD7-10F3-4AFA-91D7-41BD895194AA}.Debug|Any CPU.ActiveCfg = Debug|Any CPU
		{549CCBD7-10F3-4AFA-91D7-41BD895194AA}.Debug|Any CPU.Build.0 = Debug|Any CPU
		{549CCBD7-10F3-4AFA-91D7-41BD895194AA}.Release|Any CPU.ActiveCfg = Release|Any CPU
		{549CCBD7-10F3-4AFA-91D7-41BD895194AA}.Release|Any CPU.Build.0 = Release|Any CPU
	EndGlobalSection
	GlobalSection(SolutionProperties) = preSolution
		HideSolutionNode = FALSE
	EndGlobalSection
	GlobalSection(ExtensibilityGlobals) = postSolution
		SolutionGuid = {6F68CF64-B7A8-469F-9A58-9242E0D8355A}
	EndGlobalSection
EndGlobal
