
Microsoft Visual Studio Solution File, Format Version 12.00
# Visual Studio Version 17
VisualStudioVersion = 17.3.32901.215
MinimumVisualStudioVersion = 10.0.40219.1
Project("{FAE04EC0-301F-11D3-BF4B-00C04F79EFBC}") = "valuables colors", "valuables colors\valuables colors.csproj", "{4DA69B3C-8C61-4C91-A5D2-2FF409ED61DA}"
EndProject
Global
	GlobalSection(SolutionConfigurationPlatforms) = preSolution
		Debug|Any CPU = Debug|Any CPU
		Release|Any CPU = Release|Any CPU
	EndGlobalSection
	GlobalSection(ProjectConfigurationPlatforms) = postSolution
		{4DA69B3C-8C61-4C91-A5D2-2FF409ED61DA}.Debug|Any CPU.ActiveCfg = Debug|Any CPU
		{4DA69B3C-8C61-4C91-A5D2-2FF409ED61DA}.Debug|Any CPU.Build.0 = Debug|Any CPU
		{4DA69B3C-8C61-4C91-A5D2-2FF409ED61DA}.Release|Any CPU.ActiveCfg = Release|Any CPU
		{4DA69B3C-8C61-4C91-A5D2-2FF409ED61DA}.Release|Any CPU.Build.0 = Release|Any CPU
	EndGlobalSection
	GlobalSection(SolutionProperties) = preSolution
		HideSolutionNode = FALSE
	EndGlobalSection
	GlobalSection(ExtensibilityGlobals) = postSolution
		SolutionGuid = {6B929FE6-5690-4E4D-9C91-0A22881B3BC1}
	EndGlobalSection
EndGlobal
