
Microsoft Visual Studio Solution File, Format Version 12.00
# Visual Studio Version 16
VisualStudioVersion = 16.0.29209.62
MinimumVisualStudioVersion = 10.0.40219.1
Project("{FAE04EC0-301F-11D3-BF4B-00C04F79EFBC}") = "While positive", "While positive.csproj", "{CFA9BE57-B42B-425B-AB16-DA44415C225D}"
EndProject
Global
	GlobalSection(SolutionConfigurationPlatforms) = preSolution
		Debug|Any CPU = Debug|Any CPU
		Release|Any CPU = Release|Any CPU
	EndGlobalSection
	GlobalSection(ProjectConfigurationPlatforms) = postSolution
		{CFA9BE57-B42B-425B-AB16-DA44415C225D}.Debug|Any CPU.ActiveCfg = Debug|Any CPU
		{CFA9BE57-B42B-425B-AB16-DA44415C225D}.Debug|Any CPU.Build.0 = Debug|Any CPU
		{CFA9BE57-B42B-425B-AB16-DA44415C225D}.Release|Any CPU.ActiveCfg = Release|Any CPU
		{CFA9BE57-B42B-425B-AB16-DA44415C225D}.Release|Any CPU.Build.0 = Release|Any CPU
	EndGlobalSection
	GlobalSection(SolutionProperties) = preSolution
		HideSolutionNode = FALSE
	EndGlobalSection
	GlobalSection(ExtensibilityGlobals) = postSolution
		SolutionGuid = {BF890F08-09E0-43C1-9966-4017A45765FB}
	EndGlobalSection
EndGlobal
