
Microsoft Visual Studio Solution File, Format Version 12.00
# Visual Studio Version 17
VisualStudioVersion = 17.3.32901.215
MinimumVisualStudioVersion = 10.0.40219.1
Project("{FAE04EC0-301F-11D3-BF4B-00C04F79EFBC}") = "Bigger by 2", "Bigger by 2\Bigger by 2.csproj", "{0C570E8A-0CC3-4BBE-B512-74F5BA29380F}"
EndProject
Global
	GlobalSection(SolutionConfigurationPlatforms) = preSolution
		Debug|Any CPU = Debug|Any CPU
		Release|Any CPU = Release|Any CPU
	EndGlobalSection
	GlobalSection(ProjectConfigurationPlatforms) = postSolution
		{0C570E8A-0CC3-4BBE-B512-74F5BA29380F}.Debug|Any CPU.ActiveCfg = Debug|Any CPU
		{0C570E8A-0CC3-4BBE-B512-74F5BA29380F}.Debug|Any CPU.Build.0 = Debug|Any CPU
		{0C570E8A-0CC3-4BBE-B512-74F5BA29380F}.Release|Any CPU.ActiveCfg = Release|Any CPU
		{0C570E8A-0CC3-4BBE-B512-74F5BA29380F}.Release|Any CPU.Build.0 = Release|Any CPU
	EndGlobalSection
	GlobalSection(SolutionProperties) = preSolution
		HideSolutionNode = FALSE
	EndGlobalSection
	GlobalSection(ExtensibilityGlobals) = postSolution
		SolutionGuid = {1878472B-64C3-4394-96A2-8EDD21106F93}
	EndGlobalSection
EndGlobal
