
Microsoft Visual Studio Solution File, Format Version 12.00
# Visual Studio Version 17
VisualStudioVersion = 17.3.32901.215
MinimumVisualStudioVersion = 10.0.40219.1
Project("{FAE04EC0-301F-11D3-BF4B-00C04F79EFBC}") = "replacing valuables values", "replacing valuables values\replacing valuables values.csproj", "{D320E557-B4E5-413F-AE82-E442EAF3B96C}"
EndProject
Global
	GlobalSection(SolutionConfigurationPlatforms) = preSolution
		Debug|Any CPU = Debug|Any CPU
		Release|Any CPU = Release|Any CPU
	EndGlobalSection
	GlobalSection(ProjectConfigurationPlatforms) = postSolution
		{D320E557-B4E5-413F-AE82-E442EAF3B96C}.Debug|Any CPU.ActiveCfg = Debug|Any CPU
		{D320E557-B4E5-413F-AE82-E442EAF3B96C}.Debug|Any CPU.Build.0 = Debug|Any CPU
		{D320E557-B4E5-413F-AE82-E442EAF3B96C}.Release|Any CPU.ActiveCfg = Release|Any CPU
		{D320E557-B4E5-413F-AE82-E442EAF3B96C}.Release|Any CPU.Build.0 = Release|Any CPU
	EndGlobalSection
	GlobalSection(SolutionProperties) = preSolution
		HideSolutionNode = FALSE
	EndGlobalSection
	GlobalSection(ExtensibilityGlobals) = postSolution
		SolutionGuid = {0310CB8B-F208-49FA-B5CF-DA122BA84FF9}
	EndGlobalSection
EndGlobal
