
Microsoft Visual Studio Solution File, Format Version 12.00
# Visual Studio Version 16
VisualStudioVersion = 16.0.29209.62
MinimumVisualStudioVersion = 10.0.40219.1
Project("{FAE04EC0-301F-11D3-BF4B-00C04F79EFBC}") = "ETGAR4", "ETGAR4.csproj", "{C0F027A6-F665-4D41-924A-C54379630F76}"
EndProject
Global
	GlobalSection(SolutionConfigurationPlatforms) = preSolution
		Debug|Any CPU = Debug|Any CPU
		Release|Any CPU = Release|Any CPU
	EndGlobalSection
	GlobalSection(ProjectConfigurationPlatforms) = postSolution
		{C0F027A6-F665-4D41-924A-C54379630F76}.Debug|Any CPU.ActiveCfg = Debug|Any CPU
		{C0F027A6-F665-4D41-924A-C54379630F76}.Debug|Any CPU.Build.0 = Debug|Any CPU
		{C0F027A6-F665-4D41-924A-C54379630F76}.Release|Any CPU.ActiveCfg = Release|Any CPU
		{C0F027A6-F665-4D41-924A-C54379630F76}.Release|Any CPU.Build.0 = Release|Any CPU
	EndGlobalSection
	GlobalSection(SolutionProperties) = preSolution
		HideSolutionNode = FALSE
	EndGlobalSection
	GlobalSection(ExtensibilityGlobals) = postSolution
		SolutionGuid = {390C3DBA-59CE-4F60-8512-D0A4AF69F915}
	EndGlobalSection
EndGlobal
