
Microsoft Visual Studio Solution File, Format Version 12.00
# Visual Studio Version 17
VisualStudioVersion = 17.3.32929.385
MinimumVisualStudioVersion = 10.0.40219.1
Project("{FAE04EC0-301F-11D3-BF4B-00C04F79EFBC}") = "if 1-50 or 90-99", "if 1-50 or 90-99\if 1-50 or 90-99.csproj", "{FA2255CA-AEAA-4B8A-9B8A-0E68BB60AB23}"
EndProject
Global
	GlobalSection(SolutionConfigurationPlatforms) = preSolution
		Debug|Any CPU = Debug|Any CPU
		Release|Any CPU = Release|Any CPU
	EndGlobalSection
	GlobalSection(ProjectConfigurationPlatforms) = postSolution
		{FA2255CA-AEAA-4B8A-9B8A-0E68BB60AB23}.Debug|Any CPU.ActiveCfg = Debug|Any CPU
		{FA2255CA-AEAA-4B8A-9B8A-0E68BB60AB23}.Debug|Any CPU.Build.0 = Debug|Any CPU
		{FA2255CA-AEAA-4B8A-9B8A-0E68BB60AB23}.Release|Any CPU.ActiveCfg = Release|Any CPU
		{FA2255CA-AEAA-4B8A-9B8A-0E68BB60AB23}.Release|Any CPU.Build.0 = Release|Any CPU
	EndGlobalSection
	GlobalSection(SolutionProperties) = preSolution
		HideSolutionNode = FALSE
	EndGlobalSection
	GlobalSection(ExtensibilityGlobals) = postSolution
		SolutionGuid = {BA8CE033-A09C-43FE-8904-057A1EFFF455}
	EndGlobalSection
EndGlobal
