
Microsoft Visual Studio Solution File, Format Version 12.00
# Visual Studio Version 17
VisualStudioVersion = 17.3.32929.385
MinimumVisualStudioVersion = 10.0.40219.1
Project("{FAE04EC0-301F-11D3-BF4B-00C04F79EFBC}") = "Shesh Besh", "Shesh Besh\Shesh Besh.csproj", "{E9083408-6C2C-403B-AF41-C6CA9CF895AF}"
EndProject
Global
	GlobalSection(SolutionConfigurationPlatforms) = preSolution
		Debug|Any CPU = Debug|Any CPU
		Release|Any CPU = Release|Any CPU
	EndGlobalSection
	GlobalSection(ProjectConfigurationPlatforms) = postSolution
		{E9083408-6C2C-403B-AF41-C6CA9CF895AF}.Debug|Any CPU.ActiveCfg = Debug|Any CPU
		{E9083408-6C2C-403B-AF41-C6CA9CF895AF}.Debug|Any CPU.Build.0 = Debug|Any CPU
		{E9083408-6C2C-403B-AF41-C6CA9CF895AF}.Release|Any CPU.ActiveCfg = Release|Any CPU
		{E9083408-6C2C-403B-AF41-C6CA9CF895AF}.Release|Any CPU.Build.0 = Release|Any CPU
	EndGlobalSection
	GlobalSection(SolutionProperties) = preSolution
		HideSolutionNode = FALSE
	EndGlobalSection
	GlobalSection(ExtensibilityGlobals) = postSolution
		SolutionGuid = {00021FD4-2E5B-46A7-A01B-C5092E5FDD14}
	EndGlobalSection
EndGlobal
