
Microsoft Visual Studio Solution File, Format Version 12.00
# Visual Studio Version 17
VisualStudioVersion = 17.3.32929.385
MinimumVisualStudioVersion = 10.0.40219.1
Project("{FAE04EC0-301F-11D3-BF4B-00C04F79EFBC}") = "perfect number", "perfect number\perfect number.csproj", "{50CA8C2C-DE66-4DAC-8588-35B759A9874D}"
EndProject
Global
	GlobalSection(SolutionConfigurationPlatforms) = preSolution
		Debug|Any CPU = Debug|Any CPU
		Release|Any CPU = Release|Any CPU
	EndGlobalSection
	GlobalSection(ProjectConfigurationPlatforms) = postSolution
		{50CA8C2C-DE66-4DAC-8588-35B759A9874D}.Debug|Any CPU.ActiveCfg = Debug|Any CPU
		{50CA8C2C-DE66-4DAC-8588-35B759A9874D}.Debug|Any CPU.Build.0 = Debug|Any CPU
		{50CA8C2C-DE66-4DAC-8588-35B759A9874D}.Release|Any CPU.ActiveCfg = Release|Any CPU
		{50CA8C2C-DE66-4DAC-8588-35B759A9874D}.Release|Any CPU.Build.0 = Release|Any CPU
	EndGlobalSection
	GlobalSection(SolutionProperties) = preSolution
		HideSolutionNode = FALSE
	EndGlobalSection
	GlobalSection(ExtensibilityGlobals) = postSolution
		SolutionGuid = {73DFC5ED-3180-40D0-A696-E275DA58FA72}
	EndGlobalSection
EndGlobal
