
Microsoft Visual Studio Solution File, Format Version 12.00
# Visual Studio Version 17
VisualStudioVersion = 17.3.32929.385
MinimumVisualStudioVersion = 10.0.40219.1
Project("{FAE04EC0-301F-11D3-BF4B-00C04F79EFBC}") = "has 7 or divisible by 7", "has 7 or divisible by 7\has 7 or divisible by 7.csproj", "{F683865F-7CB8-458B-8494-1091FB050A37}"
EndProject
Global
	GlobalSection(SolutionConfigurationPlatforms) = preSolution
		Debug|Any CPU = Debug|Any CPU
		Release|Any CPU = Release|Any CPU
	EndGlobalSection
	GlobalSection(ProjectConfigurationPlatforms) = postSolution
		{F683865F-7CB8-458B-8494-1091FB050A37}.Debug|Any CPU.ActiveCfg = Debug|Any CPU
		{F683865F-7CB8-458B-8494-1091FB050A37}.Debug|Any CPU.Build.0 = Debug|Any CPU
		{F683865F-7CB8-458B-8494-1091FB050A37}.Release|Any CPU.ActiveCfg = Release|Any CPU
		{F683865F-7CB8-458B-8494-1091FB050A37}.Release|Any CPU.Build.0 = Release|Any CPU
	EndGlobalSection
	GlobalSection(SolutionProperties) = preSolution
		HideSolutionNode = FALSE
	EndGlobalSection
	GlobalSection(ExtensibilityGlobals) = postSolution
		SolutionGuid = {7FB2B0B1-8886-4D86-AEB6-0CDAC0015369}
	EndGlobalSection
EndGlobal
